# THIS IS AN AUTOGENERATED FILE. DO NOT EDIT THIS FILE DIRECTLY.
# yarn lockfile v1


astar-typescript@^1.2.5:
  version "1.2.5"
  resolved "https://registry.yarnpkg.com/astar-typescript/-/astar-typescript-1.2.5.tgz#93946c8bad155e6a5f69ce3bfbde9abbf6fd6732"
  integrity sha512-1ESY+q//Ous6QtW68woigdt5e0hI1DJJ4WtST1r14BuchUBUKKYlq6qLQCy1S8/IWMDnqNp/h79YUVXIlNPwkw==
  dependencies:
    lodash "4.17.20"

config-randomizer@^1.0.9:
  version "1.0.9"
  resolved "https://registry.yarnpkg.com/config-randomizer/-/config-randomizer-1.0.9.tgz#27839da23df50191ee5f57a80a2a419e868836d3"
  integrity sha512-h1FPNlU5l+Dcj/3VKfHoJ86MNeMmqhHlPids0dDJGPJIv8CGTKb2FqBZTtrwIVCp47pvroJFCCHu6Y9KR5a53A==

lodash@4.17.20:
  version "4.17.20"
  resolved "https://registry.yarnpkg.com/lodash/-/lodash-4.17.20.tgz#b44a9b6297bcb698f1c51a3545a2b3b368d59c52"
  integrity sha512-PlhdFcillOINfeV7Ni6oF1TAEayyZBoZ8bcshTHqOYJYlrqzRK5hagpagky5o4HfCzzd1TRkXPMFq6cKk9rGmA==

typescript@^4.4.3:
  version "4.4.3"
  resolved "https://registry.yarnpkg.com/typescript/-/typescript-4.4.3.tgz#bdc5407caa2b109efd4f82fe130656f977a29324"
  integrity sha512-4xfscpisVgqqDfPaJo5vkd+Qd/ItkoagnHpufr+i2QCHBsNYp+G7UAoyFl8aPtx879u38wPV65rZ8qbGZijalA==
